
Microsoft Visual Studio Solution File, Format Version 12.00
# Visual Studio Version 17
VisualStudioVersion = 17.4.33110.190
MinimumVisualStudioVersion = 10.0.40219.1
Project("{9A19103F-16F7-4668-BE54-9A1E7A4F7556}") = "Juro", "Juro\Juro.csproj", "{8F658FA2-B437-4219-A3B7-FA79DA2F428E}"
EndProject
Project("{9A19103F-16F7-4668-BE54-9A1E7A4F7556}") = "Juro.DemoConsole", "Juro.DemoConsole\Juro.DemoConsole.csproj", "{427FE0A7-2237-4942-8682-54A42F9D1E50}"
EndProject
Project("{2150E333-8FDC-42A3-9474-1A3956D46DE8}") = "Solution Items", "Solution Items", "{26C3E98C-2FB1-48D0-84FE-14D41529A95A}"
	ProjectSection(SolutionItems) = preProject
		.editorconfig = .editorconfig
		.gitattributes = .gitattributes
		Directory.Build.props = Directory.Build.props
		.github\workflows\main.yml = .github\workflows\main.yml
		README.md = README.md
	EndProjectSection
EndProject
Global
	GlobalSection(SolutionConfigurationPlatforms) = preSolution
		Debug|Any CPU = Debug|Any CPU
		Release|Any CPU = Release|Any CPU
	EndGlobalSection
	GlobalSection(ProjectConfigurationPlatforms) = postSolution
		{8F658FA2-B437-4219-A3B7-FA79DA2F428E}.Debug|Any CPU.ActiveCfg = Debug|Any CPU
		{8F658FA2-B437-4219-A3B7-FA79DA2F428E}.Debug|Any CPU.Build.0 = Debug|Any CPU
		{8F658FA2-B437-4219-A3B7-FA79DA2F428E}.Release|Any CPU.ActiveCfg = Release|Any CPU
		{8F658FA2-B437-4219-A3B7-FA79DA2F428E}.Release|Any CPU.Build.0 = Release|Any CPU
		{427FE0A7-2237-4942-8682-54A42F9D1E50}.Debug|Any CPU.ActiveCfg = Debug|Any CPU
		{427FE0A7-2237-4942-8682-54A42F9D1E50}.Debug|Any CPU.Build.0 = Debug|Any CPU
		{427FE0A7-2237-4942-8682-54A42F9D1E50}.Release|Any CPU.ActiveCfg = Release|Any CPU
		{427FE0A7-2237-4942-8682-54A42F9D1E50}.Release|Any CPU.Build.0 = Release|Any CPU
	EndGlobalSection
	GlobalSection(SolutionProperties) = preSolution
		HideSolutionNode = FALSE
	EndGlobalSection
	GlobalSection(ExtensibilityGlobals) = postSolution
		SolutionGuid = {8ADAF329-188C-4A28-B20E-3126D88969B8}
	EndGlobalSection
EndGlobal
